// !$*UTF8*$!
{
	archiveVersion = 1;
	classes = {
	};
	objectVersion = 50;
	objects = {

/* Begin PBXBuildFile section */
		C442A2A02580093300A18581 /* AppDelegate.swift in Sources */ = {isa = PBXBuildFile; fileRef = C442A29F2580093300A18581 /* AppDelegate.swift */; };
		C442A2A22580093300A18581 /* SceneDelegate.swift in Sources */ = {isa = PBXBuildFile; fileRef = C442A2A12580093300A18581 /* SceneDelegate.swift */; };
		C442A2A42580093300A18581 /* CalculateViewController.swift in Sources */ = {isa = PBXBuildFile; fileRef = C442A2A32580093300A18581 /* CalculateViewController.swift */; };
		C442A2A72580093300A18581 /* Main.storyboard in Resources */ = {isa = PBXBuildFile; fileRef = C442A2A52580093300A18581 /* Main.storyboard */; };
		C442A2A92580093800A18581 /* Assets.xcassets in Resources */ = {isa = PBXBuildFile; fileRef = C442A2A82580093800A18581 /* Assets.xcassets */; };
		C442A2AC2580093800A18581 /* LaunchScreen.storyboard in Resources */ = {isa = PBXBuildFile; fileRef = C442A2AA2580093800A18581 /* LaunchScreen.storyboard */; };
		C442A2B72580093800A18581 /* BillSplitterTests.swift in Sources */ = {isa = PBXBuildFile; fileRef = C442A2B62580093800A18581 /* BillSplitterTests.swift */; };
		C442A2C22580093800A18581 /* BillSplitterUITests.swift in Sources */ = {isa = PBXBuildFile; fileRef = C442A2C12580093800A18581 /* BillSplitterUITests.swift */; };
		C49B715B2596086300BCE230 /* ResultsViewController.swift in Sources */ = {isa = PBXBuildFile; fileRef = C49B715A2596086300BCE230 /* ResultsViewController.swift */; };
/* End PBXBuildFile section */

/* Begin PBXContainerItemProxy section */
		C442A2B32580093800A18581 /* PBXContainerItemProxy */ = {
			isa = PBXContainerItemProxy;
			containerPortal = C442A2942580093300A18581 /* Project object */;
			proxyType = 1;
			remoteGlobalIDString = C442A29B2580093300A18581;
			remoteInfo = BillSplitter;
		};
		C442A2BE2580093800A18581 /* PBXContainerItemProxy */ = {
			isa = PBXContainerItemProxy;
			containerPortal = C442A2942580093300A18581 /* Project object */;
			proxyType = 1;
			remoteGlobalIDString = C442A29B2580093300A18581;
			remoteInfo = BillSplitter;
		};
/* End PBXContainerItemProxy section */

/* Begin PBXFileReference section */
		C442A29C2580093300A18581 /* BillSplitter.app */ = {isa = PBXFileReference; explicitFileType = wrapper.application; includeInIndex = 0; path = BillSplitter.app; sourceTree = BUILT_PRODUCTS_DIR; };
		C442A29F2580093300A18581 /* AppDelegate.swift */ = {isa = PBXFileReference; lastKnownFileType = sourcecode.swift; path = AppDelegate.swift; sourceTree = "<group>"; };
		C442A2A12580093300A18581 /* SceneDelegate.swift */ = {isa = PBXFileReference; lastKnownFileType = sourcecode.swift; path = SceneDelegate.swift; sourceTree = "<group>"; };
		C442A2A32580093300A18581 /* CalculateViewController.swift */ = {isa = PBXFileReference; lastKnownFileType = sourcecode.swift; path = CalculateViewController.swift; sourceTree = "<group>"; };
		C442A2A62580093300A18581 /* Base */ = {isa = PBXFileReference; lastKnownFileType = file.storyboard; name = Base; path = Base.lproj/Main.storyboard; sourceTree = "<group>"; };
		C442A2A82580093800A18581 /* Assets.xcassets */ = {isa = PBXFileReference; lastKnownFileType = folder.assetcatalog; path = Assets.xcassets; sourceTree = "<group>"; };
		C442A2AB2580093800A18581 /* Base */ = {isa = PBXFileReference; lastKnownFileType = file.storyboard; name = Base; path = Base.lproj/LaunchScreen.storyboard; sourceTree = "<group>"; };
		C442A2AD2580093800A18581 /* Info.plist */ = {isa = PBXFileReference; lastKnownFileType = text.plist.xml; path = Info.plist; sourceTree = "<group>"; };
		C442A2B22580093800A18581 /* BillSplitterTests.xctest */ = {isa = PBXFileReference; explicitFileType = wrapper.cfbundle; includeInIndex = 0; path = BillSplitterTests.xctest; sourceTree = BUILT_PRODUCTS_DIR; };
		C442A2B62580093800A18581 /* BillSplitterTests.swift */ = {isa = PBXFileReference; lastKnownFileType = sourcecode.swift; path = BillSplitterTests.swift; sourceTree = "<group>"; };
		C442A2B82580093800A18581 /* Info.plist */ = {isa = PBXFileReference; lastKnownFileType = text.plist.xml; path = Info.plist; sourceTree = "<group>"; };
		C442A2BD2580093800A18581 /* BillSplitterUITests.xctest */ = {isa = PBXFileReference; explicitFileType = wrapper.cfbundle; includeInIndex = 0; path = BillSplitterUITests.xctest; sourceTree = BUILT_PRODUCTS_DIR; };
		C442A2C12580093800A18581 /* BillSplitterUITests.swift */ = {isa = PBXFileReference; lastKnownFileType = sourcecode.swift; path = BillSplitterUITests.swift; sourceTree = "<group>"; };
		C442A2C32580093800A18581 /* Info.plist */ = {isa = PBXFileReference; lastKnownFileType = text.plist.xml; path = Info.plist; sourceTree = "<group>"; };
		C49B715A2596086300BCE230 /* ResultsViewController.swift */ = {isa = PBXFileReference; lastKnownFileType = sourcecode.swift; path = ResultsViewController.swift; sourceTree = "<group>"; };
/* End PBXFileReference section */

/* Begin PBXFrameworksBuildPhase section */
		C442A2992580093300A18581 /* Frameworks */ = {
			isa = PBXFrameworksBuildPhase;
			buildActionMask = 2147483647;
			files = (
			);
			runOnlyForDeploymentPostprocessing = 0;
		};
		C442A2AF2580093800A18581 /* Frameworks */ = {
			isa = PBXFrameworksBuildPhase;
			buildActionMask = 2147483647;
			files = (
			);
			runOnlyForDeploymentPostprocessing = 0;
		};
		C442A2BA2580093800A18581 /* Frameworks */ = {
			isa = PBXFrameworksBuildPhase;
			buildActionMask = 2147483647;
			files = (
			);
			runOnlyForDeploymentPostprocessing = 0;
		};
/* End PBXFrameworksBuildPhase section */

/* Begin PBXGroup section */
		C442A2932580093300A18581 = {
			isa = PBXGroup;
			children = (
				C442A29E2580093300A18581 /* BillSplitter */,
				C442A2B52580093800A18581 /* BillSplitterTests */,
				C442A2C02580093800A18581 /* BillSplitterUITests */,
				C442A29D2580093300A18581 /* Products */,
			);
			sourceTree = "<group>";
		};
		C442A29D2580093300A18581 /* Products */ = {
			isa = PBXGroup;
			children = (
				C442A29C2580093300A18581 /* BillSplitter.app */,
				C442A2B22580093800A18581 /* BillSplitterTests.xctest */,
				C442A2BD2580093800A18581 /* BillSplitterUITests.xctest */,
			);
			name = Products;
			sourceTree = "<group>";
		};
		C442A29E2580093300A18581 /* BillSplitter */ = {
			isa = PBXGroup;
			children = (
				C442A2D22580095D00A18581 /* Model */,
				C442A2D72580096F00A18581 /* Controller */,
				C442A2D62580096500A18581 /* View */,
				C442A29F2580093300A18581 /* AppDelegate.swift */,
				C442A2A12580093300A18581 /* SceneDelegate.swift */,
				C442A2A82580093800A18581 /* Assets.xcassets */,
				C442A2AD2580093800A18581 /* Info.plist */,
			);
			path = BillSplitter;
			sourceTree = "<group>";
		};
		C442A2B52580093800A18581 /* BillSplitterTests */ = {
			isa = PBXGroup;
			children = (
				C442A2B62580093800A18581 /* BillSplitterTests.swift */,
				C442A2B82580093800A18581 /* Info.plist */,
			);
			path = BillSplitterTests;
			sourceTree = "<group>";
		};
		C442A2C02580093800A18581 /* BillSplitterUITests */ = {
			isa = PBXGroup;
			children = (
				C442A2C12580093800A18581 /* BillSplitterUITests.swift */,
				C442A2C32580093800A18581 /* Info.plist */,
			);
			path = BillSplitterUITests;
			sourceTree = "<group>";
		};
		C442A2D22580095D00A18581 /* Model */ = {
			isa = PBXGroup;
			children = (
			);
			path = Model;
			sourceTree = "<group>";
		};
		C442A2D62580096500A18581 /* View */ = {
			isa = PBXGroup;
			children = (
				C442A2A52580093300A18581 /* Main.storyboard */,
				C442A2AA2580093800A18581 /* LaunchScreen.storyboard */,
			);
			path = View;
			sourceTree = "<group>";
		};
		C442A2D72580096F00A18581 /* Controller */ = {
			isa = PBXGroup;
			children = (
				C442A2A32580093300A18581 /* CalculateViewController.swift */,
				C49B715A2596086300BCE230 /* ResultsViewController.swift */,
			);
			path = Controller;
			sourceTree = "<group>";
		};
/* End PBXGroup section */

/* Begin PBXNativeTarget section */
		C442A29B2580093300A18581 /* BillSplitter */ = {
			isa = PBXNativeTarget;
			buildConfigurationList = C442A2C62580093800A18581 /* Build configuration list for PBXNativeTarget "BillSplitter" */;
			buildPhases = (
				C442A2982580093300A18581 /* Sources */,
				C442A2992580093300A18581 /* Frameworks */,
				C442A29A2580093300A18581 /* Resources */,
			);
			buildRules = (
			);
			dependencies = (
			);
			name = BillSplitter;
			productName = BillSplitter;
			productReference = C442A29C2580093300A18581 /* BillSplitter.app */;
			productType = "com.apple.product-type.application";
		};
		C442A2B12580093800A18581 /* BillSplitterTests */ = {
			isa = PBXNativeTarget;
			buildConfigurationList = C442A2C92580093800A18581 /* Build configuration list for PBXNativeTarget "BillSplitterTests" */;
			buildPhases = (
				C442A2AE2580093800A18581 /* Sources */,
				C442A2AF2580093800A18581 /* Frameworks */,
				C442A2B02580093800A18581 /* Resources */,
			);
			buildRules = (
			);
			dependencies = (
				C442A2B42580093800A18581 /* PBXTargetDependency */,
			);
			name = BillSplitterTests;
			productName = BillSplitterTests;
			productReference = C442A2B22580093800A18581 /* BillSplitterTests.xctest */;
			productType = "com.apple.product-type.bundle.unit-test";
		};
		C442A2BC2580093800A18581 /* BillSplitterUITests */ = {
			isa = PBXNativeTarget;
			buildConfigurationList = C442A2CC2580093800A18581 /* Build configuration list for PBXNativeTarget "BillSplitterUITests" */;
			buildPhases = (
				C442A2B92580093800A18581 /* Sources */,
				C442A2BA2580093800A18581 /* Frameworks */,
				C442A2BB2580093800A18581 /* Resources */,
			);
			buildRules = (
			);
			dependencies = (
				C442A2BF2580093800A18581 /* PBXTargetDependency */,
			);
			name = BillSplitterUITests;
			productName = BillSplitterUITests;
			productReference = C442A2BD2580093800A18581 /* BillSplitterUITests.xctest */;
			productType = "com.apple.product-type.bundle.ui-testing";
		};
/* End PBXNativeTarget section */

/* Begin PBXProject section */
		C442A2942580093300A18581 /* Project object */ = {
			isa = PBXProject;
			attributes = {
				LastSwiftUpdateCheck = 1220;
				LastUpgradeCheck = 1220;
				TargetAttributes = {
					C442A29B2580093300A18581 = {
						CreatedOnToolsVersion = 12.2;
					};
					C442A2B12580093800A18581 = {
						CreatedOnToolsVersion = 12.2;
						TestTargetID = C442A29B2580093300A18581;
					};
					C442A2BC2580093800A18581 = {
						CreatedOnToolsVersion = 12.2;
						TestTargetID = C442A29B2580093300A18581;
					};
				};
			};
			buildConfigurationList = C442A2972580093300A18581 /* Build configuration list for PBXProject "BillSplitter" */;
			compatibilityVersion = "Xcode 9.3";
			developmentRegion = en;
			hasScannedForEncodings = 0;
			knownRegions = (
				en,
				Base,
			);
			mainGroup = C442A2932580093300A18581;
			productRefGroup = C442A29D2580093300A18581 /* Products */;
			projectDirPath = "";
			projectRoot = "";
			targets = (
				C442A29B2580093300A18581 /* BillSplitter */,
				C442A2B12580093800A18581 /* BillSplitterTests */,
				C442A2BC2580093800A18581 /* BillSplitterUITests */,
			);
		};
/* End PBXProject section */

/* Begin PBXResourcesBuildPhase section */
		C442A29A2580093300A18581 /* Resources */ = {
			isa = PBXResourcesBuildPhase;
			buildActionMask = 2147483647;
			files = (
				C442A2AC2580093800A18581 /* LaunchScreen.storyboard in Resources */,
				C442A2A92580093800A18581 /* Assets.xcassets in Resources */,
				C442A2A72580093300A18581 /* Main.storyboard in Resources */,
			);
			runOnlyForDeploymentPostprocessing = 0;
		};
		C442A2B02580093800A18581 /* Resources */ = {
			isa = PBXResourcesBuildPhase;
			buildActionMask = 2147483647;
			files = (
			);
			runOnlyForDeploymentPostprocessing = 0;
		};
		C442A2BB2580093800A18581 /* Resources */ = {
			isa = PBXResourcesBuildPhase;
			buildActionMask = 2147483647;
			files = (
			);
			runOnlyForDeploymentPostprocessing = 0;
		};
/* End PBXResourcesBuildPhase section */

/* Begin PBXSourcesBuildPhase section */
		C442A2982580093300A18581 /* Sources */ = {
			isa = PBXSourcesBuildPhase;
			buildActionMask = 2147483647;
			files = (
				C442A2A42580093300A18581 /* CalculateViewController.swift in Sources */,
				C442A2A02580093300A18581 /* AppDelegate.swift in Sources */,
				C442A2A22580093300A18581 /* SceneDelegate.swift in Sources */,
				C49B715B2596086300BCE230 /* ResultsViewController.swift in Sources */,
			);
			runOnlyForDeploymentPostprocessing = 0;
		};
		C442A2AE2580093800A18581 /* Sources */ = {
			isa = PBXSourcesBuildPhase;
			buildActionMask = 2147483647;
			files = (
				C442A2B72580093800A18581 /* BillSplitterTests.swift in Sources */,
			);
			runOnlyForDeploymentPostprocessing = 0;
		};
		C442A2B92580093800A18581 /* Sources */ = {
			isa = PBXSourcesBuildPhase;
			buildActionMask = 2147483647;
			files = (
				C442A2C22580093800A18581 /* BillSplitterUITests.swift in Sources */,
			);
			runOnlyForDeploymentPostprocessing = 0;
		};
/* End PBXSourcesBuildPhase section */

/* Begin PBXTargetDependency section */
		C442A2B42580093800A18581 /* PBXTargetDependency */ = {
			isa = PBXTargetDependency;
			target = C442A29B2580093300A18581 /* BillSplitter */;
			targetProxy = C442A2B32580093800A18581 /* PBXContainerItemProxy */;
		};
		C442A2BF2580093800A18581 /* PBXTargetDependency */ = {
			isa = PBXTargetDependency;
			target = C442A29B2580093300A18581 /* BillSplitter */;
			targetProxy = C442A2BE2580093800A18581 /* PBXContainerItemProxy */;
		};
/* End PBXTargetDependency section */

/* Begin PBXVariantGroup section */
		C442A2A52580093300A18581 /* Main.storyboard */ = {
			isa = PBXVariantGroup;
			children = (
				C442A2A62580093300A18581 /* Base */,
			);
			name = Main.storyboard;
			sourceTree = "<group>";
		};
		C442A2AA2580093800A18581 /* LaunchScreen.storyboard */ = {
			isa = PBXVariantGroup;
			children = (
				C442A2AB2580093800A18581 /* Base */,
			);
			name = LaunchScreen.storyboard;
			sourceTree = "<group>";
		};
/* End PBXVariantGroup section */

/* Begin XCBuildConfiguration section */
		C442A2C42580093800A18581 /* Debug */ = {
			isa = XCBuildConfiguration;
			buildSettings = {
				ALWAYS_SEARCH_USER_PATHS = NO;
				CLANG_ANALYZER_NONNULL = YES;
				CLANG_ANALYZER_NUMBER_OBJECT_CONVERSION = YES_AGGRESSIVE;
				CLANG_CXX_LANGUAGE_STANDARD = "gnu++14";
				CLANG_CXX_LIBRARY = "libc++";
				CLANG_ENABLE_MODULES = YES;
				CLANG_ENABLE_OBJC_ARC = YES;
				CLANG_ENABLE_OBJC_WEAK = YES;
				CLANG_WARN_BLOCK_CAPTURE_AUTORELEASING = YES;
				CLANG_WARN_BOOL_CONVERSION = YES;
				CLANG_WARN_COMMA = YES;
				CLANG_WARN_CONSTANT_CONVERSION = YES;
				CLANG_WARN_DEPRECATED_OBJC_IMPLEMENTATIONS = YES;
				CLANG_WARN_DIRECT_OBJC_ISA_USAGE = YES_ERROR;
				CLANG_WARN_DOCUMENTATION_COMMENTS = YES;
				CLANG_WARN_EMPTY_BODY = YES;
				CLANG_WARN_ENUM_CONVERSION = YES;
				CLANG_WARN_INFINITE_RECURSION = YES;
				CLANG_WARN_INT_CONVERSION = YES;
				CLANG_WARN_NON_LITERAL_NULL_CONVERSION = YES;
				CLANG_WARN_OBJC_IMPLICIT_RETAIN_SELF = YES;
				CLANG_WARN_OBJC_LITERAL_CONVERSION = YES;
				CLANG_WARN_OBJC_ROOT_CLASS = YES_ERROR;
				CLANG_WARN_QUOTED_INCLUDE_IN_FRAMEWORK_HEADER = YES;
				CLANG_WARN_RANGE_LOOP_ANALYSIS = YES;
				CLANG_WARN_STRICT_PROTOTYPES = YES;
				CLANG_WARN_SUSPICIOUS_MOVE = YES;
				CLANG_WARN_UNGUARDED_AVAILABILITY = YES_AGGRESSIVE;
				CLANG_WARN_UNREACHABLE_CODE = YES;
				CLANG_WARN__DUPLICATE_METHOD_MATCH = YES;
				COPY_PHASE_STRIP = NO;
				DEBUG_INFORMATION_FORMAT = dwarf;
				ENABLE_STRICT_OBJC_MSGSEND = YES;
				ENABLE_TESTABILITY = YES;
				GCC_C_LANGUAGE_STANDARD = gnu11;
				GCC_DYNAMIC_NO_PIC = NO;
				GCC_NO_COMMON_BLOCKS = YES;
				GCC_OPTIMIZATION_LEVEL = 0;
				GCC_PREPROCESSOR_DEFINITIONS = (
					"DEBUG=1",
					"$(inherited)",
				);
				GCC_WARN_64_TO_32_BIT_CONVERSION = YES;
				GCC_WARN_ABOUT_RETURN_TYPE = YES_ERROR;
				GCC_WARN_UNDECLARED_SELECTOR = YES;
				GCC_WARN_UNINITIALIZED_AUTOS = YES_AGGRESSIVE;
				GCC_WARN_UNUSED_FUNCTION = YES;
				GCC_WARN_UNUSED_VARIABLE = YES;
				IPHONEOS_DEPLOYMENT_TARGET = 14.2;
				MTL_ENABLE_DEBUG_INFO = INCLUDE_SOURCE;
				MTL_FAST_MATH = YES;
				ONLY_ACTIVE_ARCH = YES;
				SDKROOT = iphoneos;
				SWIFT_ACTIVE_COMPILATION_CONDITIONS = DEBUG;
				SWIFT_OPTIMIZATION_LEVEL = "-Onone";
			};
			name = Debug;
		};
		C442A2C52580093800A18581 /* Release */ = {
			isa = XCBuildConfiguration;
			buildSettings = {
				ALWAYS_SEARCH_USER_PATHS = NO;
				CLANG_ANALYZER_NONNULL = YES;
				CLANG_ANALYZER_NUMBER_OBJECT_CONVERSION = YES_AGGRESSIVE;
				CLANG_CXX_LANGUAGE_STANDARD = "gnu++14";
				CLANG_CXX_LIBRARY = "libc++";
				CLANG_ENABLE_MODULES = YES;
				CLANG_ENABLE_OBJC_ARC = YES;
				CLANG_ENABLE_OBJC_WEAK = YES;
				CLANG_WARN_BLOCK_CAPTURE_AUTORELEASING = YES;
				CLANG_WARN_BOOL_CONVERSION = YES;
				CLANG_WARN_COMMA = YES;
				CLANG_WARN_CONSTANT_CONVERSION = YES;
				CLANG_WARN_DEPRECATED_OBJC_IMPLEMENTATIONS = YES;
				CLANG_WARN_DIRECT_OBJC_ISA_USAGE = YES_ERROR;
				CLANG_WARN_DOCUMENTATION_COMMENTS = YES;
				CLANG_WARN_EMPTY_BODY = YES;
				CLANG_WARN_ENUM_CONVERSION = YES;
				CLANG_WARN_INFINITE_RECURSION = YES;
				CLANG_WARN_INT_CONVERSION = YES;
				CLANG_WARN_NON_LITERAL_NULL_CONVERSION = YES;
				CLANG_WARN_OBJC_IMPLICIT_RETAIN_SELF = YES;
				CLANG_WARN_OBJC_LITERAL_CONVERSION = YES;
				CLANG_WARN_OBJC_ROOT_CLASS = YES_ERROR;
				CLANG_WARN_QUOTED_INCLUDE_IN_FRAMEWORK_HEADER = YES;
				CLANG_WARN_RANGE_LOOP_ANALYSIS = YES;
				CLANG_WARN_STRICT_PROTOTYPES = YES;
				CLANG_WARN_SUSPICIOUS_MOVE = YES;
				CLANG_WARN_UNGUARDED_AVAILABILITY = YES_AGGRESSIVE;
				CLANG_WARN_UNREACHABLE_CODE = YES;
				CLANG_WARN__DUPLICATE_METHOD_MATCH = YES;
				COPY_PHASE_STRIP = NO;
				DEBUG_INFORMATION_FORMAT = "dwarf-with-dsym";
				ENABLE_NS_ASSERTIONS = NO;
				ENABLE_STRICT_OBJC_MSGSEND = YES;
				GCC_C_LANGUAGE_STANDARD = gnu11;
				GCC_NO_COMMON_BLOCKS = YES;
				GCC_WARN_64_TO_32_BIT_CONVERSION = YES;
				GCC_WARN_ABOUT_RETURN_TYPE = YES_ERROR;
				GCC_WARN_UNDECLARED_SELECTOR = YES;
				GCC_WARN_UNINITIALIZED_AUTOS = YES_AGGRESSIVE;
				GCC_WARN_UNUSED_FUNCTION = YES;
				GCC_WARN_UNUSED_VARIABLE = YES;
				IPHONEOS_DEPLOYMENT_TARGET = 14.2;
				MTL_ENABLE_DEBUG_INFO = NO;
				MTL_FAST_MATH = YES;
				SDKROOT = iphoneos;
				SWIFT_COMPILATION_MODE = wholemodule;
				SWIFT_OPTIMIZATION_LEVEL = "-O";
				VALIDATE_PRODUCT = YES;
			};
			name = Release;
		};
		C442A2C72580093800A18581 /* Debug */ = {
			isa = XCBuildConfiguration;
			buildSettings = {
				ASSETCATALOG_COMPILER_APPICON_NAME = AppIcon;
				ASSETCATALOG_COMPILER_GLOBAL_ACCENT_COLOR_NAME = AccentColor;
				CODE_SIGN_STYLE = Automatic;
				DEVELOPMENT_TEAM = 8335JL8LJ3;
				INFOPLIST_FILE = BillSplitter/Info.plist;
				LD_RUNPATH_SEARCH_PATHS = (
					"$(inherited)",
					"@executable_path/Frameworks",
				);
				PRODUCT_BUNDLE_IDENTIFIER = com.majorsalad.BillSplitter;
				PRODUCT_NAME = "$(TARGET_NAME)";
				SWIFT_VERSION = 5.0;
				TARGETED_DEVICE_FAMILY = "1,2";
			};
			name = Debug;
		};
		C442A2C82580093800A18581 /* Release */ = {
			isa = XCBuildConfiguration;
			buildSettings = {
				ASSETCATALOG_COMPILER_APPICON_NAME = AppIcon;
				ASSETCATALOG_COMPILER_GLOBAL_ACCENT_COLOR_NAME = AccentColor;
				CODE_SIGN_STYLE = Automatic;
				DEVELOPMENT_TEAM = 8335JL8LJ3;
				INFOPLIST_FILE = BillSplitter/Info.plist;
				LD_RUNPATH_SEARCH_PATHS = (
					"$(inherited)",
					"@executable_path/Frameworks",
				);
				PRODUCT_BUNDLE_IDENTIFIER = com.majorsalad.BillSplitter;
				PRODUCT_NAME = "$(TARGET_NAME)";
				SWIFT_VERSION = 5.0;
				TARGETED_DEVICE_FAMILY = "1,2";
			};
			name = Release;
		};
		C442A2CA2580093800A18581 /* Debug */ = {
			isa = XCBuildConfiguration;
			buildSettings = {
				ALWAYS_EMBED_SWIFT_STANDARD_LIBRARIES = YES;
				BUNDLE_LOADER = "$(TEST_HOST)";
				CODE_SIGN_STYLE = Automatic;
				DEVELOPMENT_TEAM = 8335JL8LJ3;
				INFOPLIST_FILE = BillSplitterTests/Info.plist;
				IPHONEOS_DEPLOYMENT_TARGET = 14.2;
				LD_RUNPATH_SEARCH_PATHS = (
					"$(inherited)",
					"@executable_path/Frameworks",
					"@loader_path/Frameworks",
				);
				PRODUCT_BUNDLE_IDENTIFIER = com.majorsalad.BillSplitterTests;
				PRODUCT_NAME = "$(TARGET_NAME)";
				SWIFT_VERSION = 5.0;
				TARGETED_DEVICE_FAMILY = "1,2";
				TEST_HOST = "$(BUILT_PRODUCTS_DIR)/BillSplitter.app/BillSplitter";
			};
			name = Debug;
		};
		C442A2CB2580093800A18581 /* Release */ = {
			isa = XCBuildConfiguration;
			buildSettings = {
				ALWAYS_EMBED_SWIFT_STANDARD_LIBRARIES = YES;
				BUNDLE_LOADER = "$(TEST_HOST)";
				CODE_SIGN_STYLE = Automatic;
				DEVELOPMENT_TEAM = 8335JL8LJ3;
				INFOPLIST_FILE = BillSplitterTests/Info.plist;
				IPHONEOS_DEPLOYMENT_TARGET = 14.2;
				LD_RUNPATH_SEARCH_PATHS = (
					"$(inherited)",
					"@executable_path/Frameworks",
					"@loader_path/Frameworks",
				);
				PRODUCT_BUNDLE_IDENTIFIER = com.majorsalad.BillSplitterTests;
				PRODUCT_NAME = "$(TARGET_NAME)";
				SWIFT_VERSION = 5.0;
				TARGETED_DEVICE_FAMILY = "1,2";
				TEST_HOST = "$(BUILT_PRODUCTS_DIR)/BillSplitter.app/BillSplitter";
			};
			name = Release;
		};
		C442A2CD2580093800A18581 /* Debug */ = {
			isa = XCBuildConfiguration;
			buildSettings = {
				ALWAYS_EMBED_SWIFT_STANDARD_LIBRARIES = YES;
				CODE_SIGN_STYLE = Automatic;
				DEVELOPMENT_TEAM = 8335JL8LJ3;
				INFOPLIST_FILE = BillSplitterUITests/Info.plist;
				LD_RUNPATH_SEARCH_PATHS = (
					"$(inherited)",
					"@executable_path/Frameworks",
					"@loader_path/Frameworks",
				);
				PRODUCT_BUNDLE_IDENTIFIER = com.majorsalad.BillSplitterUITests;
				PRODUCT_NAME = "$(TARGET_NAME)";
				SWIFT_VERSION = 5.0;
				TARGETED_DEVICE_FAMILY = "1,2";
				TEST_TARGET_NAME = BillSplitter;
			};
			name = Debug;
		};
		C442A2CE2580093800A18581 /* Release */ = {
			isa = XCBuildConfiguration;
			buildSettings = {
				ALWAYS_EMBED_SWIFT_STANDARD_LIBRARIES = YES;
				CODE_SIGN_STYLE = Automatic;
				DEVELOPMENT_TEAM = 8335JL8LJ3;
				INFOPLIST_FILE = BillSplitterUITests/Info.plist;
				LD_RUNPATH_SEARCH_PATHS = (
					"$(inherited)",
					"@executable_path/Frameworks",
					"@loader_path/Frameworks",
				);
				PRODUCT_BUNDLE_IDENTIFIER = com.majorsalad.BillSplitterUITests;
				PRODUCT_NAME = "$(TARGET_NAME)";
				SWIFT_VERSION = 5.0;
				TARGETED_DEVICE_FAMILY = "1,2";
				TEST_TARGET_NAME = BillSplitter;
			};
			name = Release;
		};
/* End XCBuildConfiguration section */

/* Begin XCConfigurationList section */
		C442A2972580093300A18581 /* Build configuration list for PBXProject "BillSplitter" */ = {
			isa = XCConfigurationList;
			buildConfigurations = (
				C442A2C42580093800A18581 /* Debug */,
				C442A2C52580093800A18581 /* Release */,
			);
			defaultConfigurationIsVisible = 0;
			defaultConfigurationName = Release;
		};
		C442A2C62580093800A18581 /* Build configuration list for PBXNativeTarget "BillSplitter" */ = {
			isa = XCConfigurationList;
			buildConfigurations = (
				C442A2C72580093800A18581 /* Debug */,
				C442A2C82580093800A18581 /* Release */,
			);
			defaultConfigurationIsVisible = 0;
			defaultConfigurationName = Release;
		};
		C442A2C92580093800A18581 /* Build configuration list for PBXNativeTarget "BillSplitterTests" */ = {
			isa = XCConfigurationList;
			buildConfigurations = (
				C442A2CA2580093800A18581 /* Debug */,
				C442A2CB2580093800A18581 /* Release */,
			);
			defaultConfigurationIsVisible = 0;
			defaultConfigurationName = Release;
		};
		C442A2CC2580093800A18581 /* Build configuration list for PBXNativeTarget "BillSplitterUITests" */ = {
			isa = XCConfigurationList;
			buildConfigurations = (
				C442A2CD2580093800A18581 /* Debug */,
				C442A2CE2580093800A18581 /* Release */,
			);
			defaultConfigurationIsVisible = 0;
			defaultConfigurationName = Release;
		};
/* End XCConfigurationList section */
	};
	rootObject = C442A2942580093300A18581 /* Project object */;
}
